
Microsoft Visual Studio Solution File, Format Version 12.00
# Visual Studio Version 17
VisualStudioVersion = 17.9.34622.214
MinimumVisualStudioVersion = 10.0.40219.1
Project("{9A19103F-16F7-4668-BE54-9A1E7A4F7556}") = "football", "football.csproj", "{FE0C9352-0FAF-476A-965B-E3FCF65D6279}"
EndProject
Global
	GlobalSection(SolutionConfigurationPlatforms) = preSolution
		Debug|Any CPU = Debug|Any CPU
		Release|Any CPU = Release|Any CPU
	EndGlobalSection
	GlobalSection(ProjectConfigurationPlatforms) = postSolution
		{FE0C9352-0FAF-476A-965B-E3FCF65D6279}.Debug|Any CPU.ActiveCfg = Debug|Any CPU
		{FE0C9352-0FAF-476A-965B-E3FCF65D6279}.Debug|Any CPU.Build.0 = Debug|Any CPU
		{FE0C9352-0FAF-476A-965B-E3FCF65D6279}.Release|Any CPU.ActiveCfg = Release|Any CPU
		{FE0C9352-0FAF-476A-965B-E3FCF65D6279}.Release|Any CPU.Build.0 = Release|Any CPU
	EndGlobalSection
	GlobalSection(SolutionProperties) = preSolution
		HideSolutionNode = FALSE
	EndGlobalSection
	GlobalSection(ExtensibilityGlobals) = postSolution
		SolutionGuid = {4F0ADC94-E0B4-4028-9579-E7D351D5D4F3}
	EndGlobalSection
EndGlobal
